
Microsoft Visual Studio Solution File, Format Version 12.00
# Visual Studio Version 16
VisualStudioVersion = 16.0.33214.272
MinimumVisualStudioVersion = 10.0.40219.1
Project("{FAE04EC0-301F-11D3-BF4B-00C04F79EFBC}") = "VAR7", "VAR7.csproj", "{E3CED755-5054-4E19-A8B3-C9652794DE7D}"
EndProject
Global
	GlobalSection(SolutionConfigurationPlatforms) = preSolution
		Debug|Any CPU = Debug|Any CPU
		Release|Any CPU = Release|Any CPU
	EndGlobalSection
	GlobalSection(ProjectConfigurationPlatforms) = postSolution
		{E3CED755-5054-4E19-A8B3-C9652794DE7D}.Debug|Any CPU.ActiveCfg = Debug|Any CPU
		{E3CED755-5054-4E19-A8B3-C9652794DE7D}.Debug|Any CPU.Build.0 = Debug|Any CPU
		{E3CED755-5054-4E19-A8B3-C9652794DE7D}.Release|Any CPU.ActiveCfg = Release|Any CPU
		{E3CED755-5054-4E19-A8B3-C9652794DE7D}.Release|Any CPU.Build.0 = Release|Any CPU
	EndGlobalSection
	GlobalSection(SolutionProperties) = preSolution
		HideSolutionNode = FALSE
	EndGlobalSection
	GlobalSection(ExtensibilityGlobals) = postSolution
		SolutionGuid = {E78E3EF6-7E2D-4C75-BD08-1E9F8E323B31}
	EndGlobalSection
EndGlobal
